
Microsoft Visual Studio Solution File, Format Version 12.00
# Visual Studio Version 17
VisualStudioVersion = 17.14.36327.8 d17.14
MinimumVisualStudioVersion = 10.0.40219.1
Project("{FAE04EC0-301F-11D3-BF4B-00C04F79EFBC}") = "SocketClientWpf", "SocketClientWpf\SocketClientWpf.csproj", "{6140558B-FD18-4B5B-83CC-29E472FE0BDD}"
EndProject
Global
	GlobalSection(SolutionConfigurationPlatforms) = preSolution
		Debug|Any CPU = Debug|Any CPU
		Release|Any CPU = Release|Any CPU
	EndGlobalSection
	GlobalSection(ProjectConfigurationPlatforms) = postSolution
		{6140558B-FD18-4B5B-83CC-29E472FE0BDD}.Debug|Any CPU.ActiveCfg = Debug|Any CPU
		{6140558B-FD18-4B5B-83CC-29E472FE0BDD}.Debug|Any CPU.Build.0 = Debug|Any CPU
		{6140558B-FD18-4B5B-83CC-29E472FE0BDD}.Release|Any CPU.ActiveCfg = Release|Any CPU
		{6140558B-FD18-4B5B-83CC-29E472FE0BDD}.Release|Any CPU.Build.0 = Release|Any CPU
	EndGlobalSection
	GlobalSection(SolutionProperties) = preSolution
		HideSolutionNode = FALSE
	EndGlobalSection
	GlobalSection(ExtensibilityGlobals) = postSolution
		SolutionGuid = {2D860AF5-693D-479B-8107-09DA279A711A}
	EndGlobalSection
EndGlobal
